{
    "_readme": [
        "This file locks the dependencies of your project to a known state",
        "Read more about it at https://getcomposer.org/doc/01-basic-usage.md#installing-dependencies",
        "This file is @generated automatically"
    ],
    "content-hash": "af9ecc6b59493a34d0fc00d1062ebff6",
    "packages": [
        {
            "name": "psr/log",
            "version": "3.0.2",
            "source": {
                "type": "git",
                "url": "https://github.com/php-fig/log.git",
                "reference": "f16e1d5863e37f8d8c2a01719f5b34baa2b714d3"
            },
            "dist": {
                "type": "zip",
                "url": "https://api.github.com/repos/php-fig/log/zipball/f16e1d5863e37f8d8c2a01719f5b34baa2b714d3",
                "reference": "f16e1d5863e37f8d8c2a01719f5b34baa2b714d3"
            },
            "require": {
                "php": ">=8.0.0"
            },
            "type": "library",
            "extra": {
                "branch-alias": {
                    "dev-master": "3.x-dev"
                }
            },
            "autoload": {
                "psr-4": {
                    "Psr\\Log\\": "src"
                }
            },
            "license": [
                "MIT"
            ],
            "description": "Common interface for logging libraries"
        }
    ],
    "packages-dev": [
        {
            "name": "kubawerlos/php-cs-fixer-config",
            "version": "v4.7.0",
            "source": {
                "type": "git",
                "url": "https://github.com/kubawerlos/php-cs-fixer-config.git",
                "reference": "54c23b314ba26ea078d1b8862b8fadf82688f659"
            },
            "dist": {
                "type": "zip",
                "url": "https://api.github.com/repos/kubawerlos/php-cs-fixer-config/zipball/54c23b314ba26ea078d1b8862b8fadf82688f659",
                "reference": "54c23b314ba26ea078d1b8862b8fadf82688f659"
            },
            "require": {
                "kubawerlos/php-cs-fixer-custom-fixers": "^3.24",
                "php": "^8.1",
                "php-cs-fixer/shim": "^3.71"
            },
            "bin": [
                "fixinit"
            ],
            "type": "library",
            "autoload": {
                "psr-4": {
                    "PhpCsFixerConfig\\": "./src/"
                }
            },
            "license": [
                "MIT"
            ],
            "description": "Provides configuration for PHP CS Fixer"
        },
        {
            "name": "kubawerlos/php-cs-fixer-custom-fixers",
            "version": "v3.24.0",
            "source": {
                "type": "git",
                "url": "https://github.com/kubawerlos/php-cs-fixer-custom-fixers.git",
                "reference": "93222100a91399314c3726857e249e76c4a7d760"
            },
            "dist": {
                "type": "zip",
                "url": "https://api.github.com/repos/kubawerlos/php-cs-fixer-custom-fixers/zipball/93222100a91399314c3726857e249e76c4a7d760",
                "reference": "93222100a91399314c3726857e249e76c4a7d760"
            },
            "require": {
                "ext-filter": "*",
                "ext-tokenizer": "*",
                "friendsofphp/php-cs-fixer": "^3.61.1",
                "php": "^7.4 || ^8.0"
            },
            "type": "library",
            "autoload": {
                "psr-4": {
                    "PhpCsFixerCustomFixers\\": "src"
                }
            },
            "license": [
                "MIT"
            ],
            "description": "A set of custom fixers for PHP CS Fixer"
        },
        {
            "name": "myclabs/deep-copy",
            "version": "1.13.0",
            "source": {
                "type": "git",
                "url": "https://github.com/myclabs/DeepCopy.git",
                "reference": "024473a478be9df5fdaca2c793f2232fe788e414"
            },
            "dist": {
                "type": "zip",
                "url": "https://api.github.com/repos/myclabs/DeepCopy/zipball/024473a478be9df5fdaca2c793f2232fe788e414",
                "reference": "024473a478be9df5fdaca2c793f2232fe788e414"
            },
            "require": {
                "php": "^7.1 || ^8.0"
            },
            "type": "library",
            "autoload": {
                "files": [
                    "src/DeepCopy/deep_copy.php"
                ],
                "psr-4": {
                    "DeepCopy\\": "src/DeepCopy/"
                }
            },
            "license": [
                "MIT"
            ],
            "description": "Create deep copies (clones) of your objects"
        },
        {
            "name": "nikic/php-parser",
            "version": "v5.4.0",
            "source": {
                "type": "git",
                "url": "https://github.com/nikic/PHP-Parser.git",
                "reference": "447a020a1f875a434d62f2a401f53b82a396e494"
            },
            "dist": {
                "type": "zip",
                "url": "https://api.github.com/repos/nikic/PHP-Parser/zipball/447a020a1f875a434d62f2a401f53b82a396e494",
                "reference": "447a020a1f875a434d62f2a401f53b82a396e494"
            },
            "require": {
                "ext-ctype": "*",
                "ext-json": "*",
                "ext-tokenizer": "*",
                "php": ">=7.4"
            },
            "bin": [
                "bin/php-parse"
            ],
            "type": "library",
            "extra": {
                "branch-alias": {
                    "dev-master": "5.0-dev"
                }
            },
            "autoload": {
                "psr-4": {
                    "PhpParser\\": "lib/PhpParser"
                }
            },
            "license": [
                "BSD-3-Clause"
            ],
            "description": "A PHP parser written in PHP"
        },
        {
            "name": "phar-io/manifest",
            "version": "2.0.4",
            "source": {
                "type": "git",
                "url": "https://github.com/phar-io/manifest.git",
                "reference": "54750ef60c58e43759730615a392c31c80e23176"
            },
            "dist": {
                "type": "zip",
                "url": "https://api.github.com/repos/phar-io/manifest/zipball/54750ef60c58e43759730615a392c31c80e23176",
                "reference": "54750ef60c58e43759730615a392c31c80e23176"
            },
            "require": {
                "ext-dom": "*",
                "ext-libxml": "*",
                "ext-phar": "*",
                "ext-xmlwriter": "*",
                "phar-io/version": "^3.0.1",
                "php": "^7.2 || ^8.0"
            },
            "type": "library",
            "extra": {
                "branch-alias": {
                    "dev-master": "2.0.x-dev"
                }
            },
            "autoload": {
                "classmap": [
                    "src/"
                ]
            },
            "license": [
                "BSD-3-Clause"
            ],
            "description": "Component for reading phar.io manifest information from a PHP Archive (PHAR)"
        },
        {
            "name": "phar-io/version",
            "version": "3.2.1",
            "source": {
                "type": "git",
                "url": "https://github.com/phar-io/version.git",
                "reference": "4f7fd7836c6f332bb2933569e566a0d6c4cbed74"
            },
            "dist": {
                "type": "zip",
                "url": "https://api.github.com/repos/phar-io/version/zipball/4f7fd7836c6f332bb2933569e566a0d6c4cbed74",
                "reference": "4f7fd7836c6f332bb2933569e566a0d6c4cbed74"
            },
            "require": {
                "php": "^7.2 || ^8.0"
            },
            "type": "library",
            "autoload": {
                "classmap": [
                    "src/"
                ]
            },
            "license": [
                "BSD-3-Clause"
            ],
            "description": "Library for handling version information and constraints"
        },
        {
            "name": "php-cs-fixer/shim",
            "version": "v3.75.0",
            "source": {
                "type": "git",
                "url": "https://github.com/PHP-CS-Fixer/shim.git",
                "reference": "eea219a577085bd13ff0cb644a422c20798316c7"
            },
            "dist": {
                "type": "zip",
                "url": "https://api.github.com/repos/PHP-CS-Fixer/shim/zipball/eea219a577085bd13ff0cb644a422c20798316c7",
                "reference": "eea219a577085bd13ff0cb644a422c20798316c7"
            },
            "require": {
                "ext-json": "*",
                "ext-tokenizer": "*",
                "php": "^7.4 || ^8.0"
            },
            "replace": {
                "friendsofphp/php-cs-fixer": "self.version"
            },
            "bin": [
                "php-cs-fixer",
                "php-cs-fixer.phar"
            ],
            "type": "application",
            "license": [
                "MIT"
            ],
            "description": "A tool to automatically fix PHP code style"
        },
        {
            "name": "phpstan/extension-installer",
            "version": "1.4.3",
            "source": {
                "type": "git",
                "url": "https://github.com/phpstan/extension-installer.git",
                "reference": "85e90b3942d06b2326fba0403ec24fe912372936"
            },
            "dist": {
                "type": "zip",
                "url": "https://api.github.com/repos/phpstan/extension-installer/zipball/85e90b3942d06b2326fba0403ec24fe912372936",
                "reference": "85e90b3942d06b2326fba0403ec24fe912372936"
            },
            "require": {
                "composer-plugin-api": "^2.0",
                "php": "^7.2 || ^8.0",
                "phpstan/phpstan": "^1.9.0 || ^2.0"
            },
            "type": "composer-plugin",
            "extra": {
                "class": "PHPStan\\ExtensionInstaller\\Plugin"
            },
            "autoload": {
                "psr-4": {
                    "PHPStan\\ExtensionInstaller\\": "src/"
                }
            },
            "license": [
                "MIT"
            ],
            "description": "Composer plugin for automatic installation of PHPStan extensions"
        },
        {
            "name": "phpstan/phpstan",
            "version": "2.1.11",
            "source": {
                "type": "git",
                "url": "https://github.com/phpstan/phpstan.git",
                "reference": "8ca5f79a8f63c49b2359065832a654e1ec70ac30"
            },
            "dist": {
                "type": "zip",
                "url": "https://api.github.com/repos/phpstan/phpstan/zipball/8ca5f79a8f63c49b2359065832a654e1ec70ac30",
                "reference": "8ca5f79a8f63c49b2359065832a654e1ec70ac30"
            },
            "require": {
                "php": "^7.4|^8.0"
            },
            "bin": [
                "phpstan",
                "phpstan.phar"
            ],
            "type": "library",
            "autoload": {
                "files": [
                    "bootstrap.php"
                ]
            },
            "license": [
                "MIT"
            ],
            "description": "PHPStan - PHP Static Analysis Tool"
        },
        {
            "name": "phpstan/phpstan-phpunit",
            "version": "2.0.6",
            "source": {
                "type": "git",
                "url": "https://github.com/phpstan/phpstan-phpunit.git",
                "reference": "6b92469f8a7995e626da3aa487099617b8dfa260"
            },
            "dist": {
                "type": "zip",
                "url": "https://api.github.com/repos/phpstan/phpstan-phpunit/zipball/6b92469f8a7995e626da3aa487099617b8dfa260",
                "reference": "6b92469f8a7995e626da3aa487099617b8dfa260"
            },
            "require": {
                "php": "^7.4 || ^8.0",
                "phpstan/phpstan": "^2.0.4"
            },
            "type": "phpstan-extension",
            "extra": {
                "phpstan": {
                    "includes": [
                        "extension.neon",
                        "rules.neon"
                    ]
                }
            },
            "autoload": {
                "psr-4": {
                    "PHPStan\\": "src/"
                }
            },
            "license": [
                "MIT"
            ],
            "description": "PHPUnit extensions and rules for PHPStan"
        },
        {
            "name": "phpstan/phpstan-strict-rules",
            "version": "2.0.4",
            "source": {
                "type": "git",
                "url": "https://github.com/phpstan/phpstan-strict-rules.git",
                "reference": "3e139cbe67fafa3588e1dbe27ca50f31fdb6236a"
            },
            "dist": {
                "type": "zip",
                "url": "https://api.github.com/repos/phpstan/phpstan-strict-rules/zipball/3e139cbe67fafa3588e1dbe27ca50f31fdb6236a",
                "reference": "3e139cbe67fafa3588e1dbe27ca50f31fdb6236a"
            },
            "require": {
                "php": "^7.4 || ^8.0",
                "phpstan/phpstan": "^2.0.4"
            },
            "type": "phpstan-extension",
            "extra": {
                "phpstan": {
                    "includes": [
                        "rules.neon"
                    ]
                }
            },
            "autoload": {
                "psr-4": {
                    "PHPStan\\": "src/"
                }
            },
            "license": [
                "MIT"
            ],
            "description": "Extra strict and opinionated rules for PHPStan"
        },
        {
            "name": "phpunit/php-code-coverage",
            "version": "12.1.2",
            "source": {
                "type": "git",
                "url": "https://github.com/sebastianbergmann/php-code-coverage.git",
                "reference": "05c33d01a856f9f62488d144bafddc3d7b7a4ebb"
            },
            "dist": {
                "type": "zip",
                "url": "https://api.github.com/repos/sebastianbergmann/php-code-coverage/zipball/05c33d01a856f9f62488d144bafddc3d7b7a4ebb",
                "reference": "05c33d01a856f9f62488d144bafddc3d7b7a4ebb"
            },
            "require": {
                "ext-dom": "*",
                "ext-libxml": "*",
                "ext-xmlwriter": "*",
                "nikic/php-parser": "^5.4.0",
                "php": ">=8.3",
                "phpunit/php-file-iterator": "^6.0",
                "phpunit/php-text-template": "^5.0",
                "sebastian/complexity": "^5.0",
                "sebastian/environment": "^8.0",
                "sebastian/lines-of-code": "^4.0",
                "sebastian/version": "^6.0",
                "theseer/tokenizer": "^1.2.3"
            },
            "type": "library",
            "extra": {
                "branch-alias": {
                    "dev-main": "12.1.x-dev"
                }
            },
            "autoload": {
                "classmap": [
                    "src/"
                ]
            },
            "license": [
                "BSD-3-Clause"
            ],
            "description": "Library that provides collection, processing, and rendering functionality for PHP code coverage information."
        },
        {
            "name": "phpunit/php-file-iterator",
            "version": "6.0.0",
            "source": {
                "type": "git",
                "url": "https://github.com/sebastianbergmann/php-file-iterator.git",
                "reference": "961bc913d42fe24a257bfff826a5068079ac7782"
            },
            "dist": {
                "type": "zip",
                "url": "https://api.github.com/repos/sebastianbergmann/php-file-iterator/zipball/961bc913d42fe24a257bfff826a5068079ac7782",
                "reference": "961bc913d42fe24a257bfff826a5068079ac7782"
            },
            "require": {
                "php": ">=8.3"
            },
            "type": "library",
            "extra": {
                "branch-alias": {
                    "dev-main": "6.0-dev"
                }
            },
            "autoload": {
                "classmap": [
                    "src/"
                ]
            },
            "license": [
                "BSD-3-Clause"
            ],
            "description": "FilterIterator implementation that filters files based on a list of suffixes."
        },
        {
            "name": "phpunit/php-invoker",
            "version": "6.0.0",
            "source": {
                "type": "git",
                "url": "https://github.com/sebastianbergmann/php-invoker.git",
                "reference": "12b54e689b07a25a9b41e57736dfab6ec9ae5406"
            },
            "dist": {
                "type": "zip",
                "url": "https://api.github.com/repos/sebastianbergmann/php-invoker/zipball/12b54e689b07a25a9b41e57736dfab6ec9ae5406",
                "reference": "12b54e689b07a25a9b41e57736dfab6ec9ae5406"
            },
            "require": {
                "php": ">=8.3"
            },
            "type": "library",
            "extra": {
                "branch-alias": {
                    "dev-main": "6.0-dev"
                }
            },
            "autoload": {
                "classmap": [
                    "src/"
                ]
            },
            "license": [
                "BSD-3-Clause"
            ],
            "description": "Invoke callables with a timeout"
        },
        {
            "name": "phpunit/php-text-template",
            "version": "5.0.0",
            "source": {
                "type": "git",
                "url": "https://github.com/sebastianbergmann/php-text-template.git",
                "reference": "e1367a453f0eda562eedb4f659e13aa900d66c53"
            },
            "dist": {
                "type": "zip",
                "url": "https://api.github.com/repos/sebastianbergmann/php-text-template/zipball/e1367a453f0eda562eedb4f659e13aa900d66c53",
                "reference": "e1367a453f0eda562eedb4f659e13aa900d66c53"
            },
            "require": {
                "php": ">=8.3"
            },
            "type": "library",
            "extra": {
                "branch-alias": {
                    "dev-main": "5.0-dev"
                }
            },
            "autoload": {
                "classmap": [
                    "src/"
                ]
            },
            "license": [
                "BSD-3-Clause"
            ],
            "description": "Simple template engine."
        },
        {
            "name": "phpunit/php-timer",
            "version": "8.0.0",
            "source": {
                "type": "git",
                "url": "https://github.com/sebastianbergmann/php-timer.git",
                "reference": "f258ce36aa457f3aa3339f9ed4c81fc66dc8c2cc"
            },
            "dist": {
                "type": "zip",
                "url": "https://api.github.com/repos/sebastianbergmann/php-timer/zipball/f258ce36aa457f3aa3339f9ed4c81fc66dc8c2cc",
                "reference": "f258ce36aa457f3aa3339f9ed4c81fc66dc8c2cc"
            },
            "require": {
                "php": ">=8.3"
            },
            "type": "library",
            "extra": {
                "branch-alias": {
                    "dev-main": "8.0-dev"
                }
            },
            "autoload": {
                "classmap": [
                    "src/"
                ]
            },
            "license": [
                "BSD-3-Clause"
            ],
            "description": "Utility class for timing"
        },
        {
            "name": "phpunit/phpunit",
            "version": "12.1.2",
            "source": {
                "type": "git",
                "url": "https://github.com/sebastianbergmann/phpunit.git",
                "reference": "6f2775cc4b7b19ba5a411c188e855eb0cc78a711"
            },
            "dist": {
                "type": "zip",
                "url": "https://api.github.com/repos/sebastianbergmann/phpunit/zipball/6f2775cc4b7b19ba5a411c188e855eb0cc78a711",
                "reference": "6f2775cc4b7b19ba5a411c188e855eb0cc78a711"
            },
            "require": {
                "ext-dom": "*",
                "ext-json": "*",
                "ext-libxml": "*",
                "ext-mbstring": "*",
                "ext-xml": "*",
                "ext-xmlwriter": "*",
                "myclabs/deep-copy": "^1.13.0",
                "phar-io/manifest": "^2.0.4",
                "phar-io/version": "^3.2.1",
                "php": ">=8.3",
                "phpunit/php-code-coverage": "^12.1.2",
                "phpunit/php-file-iterator": "^6.0.0",
                "phpunit/php-invoker": "^6.0.0",
                "phpunit/php-text-template": "^5.0.0",
                "phpunit/php-timer": "^8.0.0",
                "sebastian/cli-parser": "^4.0.0",
                "sebastian/comparator": "^7.0.1",
                "sebastian/diff": "^7.0.0",
                "sebastian/environment": "^8.0.0",
                "sebastian/exporter": "^7.0.0",
                "sebastian/global-state": "^8.0.0",
                "sebastian/object-enumerator": "^7.0.0",
                "sebastian/type": "^6.0.2",
                "sebastian/version": "^6.0.0",
                "staabm/side-effects-detector": "^1.0.5"
            },
            "bin": [
                "phpunit"
            ],
            "type": "library",
            "extra": {
                "branch-alias": {
                    "dev-main": "12.1-dev"
                }
            },
            "autoload": {
                "files": [
                    "src/Framework/Assert/Functions.php"
                ],
                "classmap": [
                    "src/"
                ]
            },
            "license": [
                "BSD-3-Clause"
            ],
            "description": "The PHP Unit Testing framework."
        },
        {
            "name": "sebastian/cli-parser",
            "version": "4.0.0",
            "source": {
                "type": "git",
                "url": "https://github.com/sebastianbergmann/cli-parser.git",
                "reference": "6d584c727d9114bcdc14c86711cd1cad51778e7c"
            },
            "dist": {
                "type": "zip",
                "url": "https://api.github.com/repos/sebastianbergmann/cli-parser/zipball/6d584c727d9114bcdc14c86711cd1cad51778e7c",
                "reference": "6d584c727d9114bcdc14c86711cd1cad51778e7c"
            },
            "require": {
                "php": ">=8.3"
            },
            "type": "library",
            "extra": {
                "branch-alias": {
                    "dev-main": "4.0-dev"
                }
            },
            "autoload": {
                "classmap": [
                    "src/"
                ]
            },
            "license": [
                "BSD-3-Clause"
            ],
            "description": "Library for parsing CLI options"
        },
        {
            "name": "sebastian/comparator",
            "version": "7.0.1",
            "source": {
                "type": "git",
                "url": "https://github.com/sebastianbergmann/comparator.git",
                "reference": "b478f34614f934e0291598d0c08cbaba9644bee5"
            },
            "dist": {
                "type": "zip",
                "url": "https://api.github.com/repos/sebastianbergmann/comparator/zipball/b478f34614f934e0291598d0c08cbaba9644bee5",
                "reference": "b478f34614f934e0291598d0c08cbaba9644bee5"
            },
            "require": {
                "ext-dom": "*",
                "ext-mbstring": "*",
                "php": ">=8.3",
                "sebastian/diff": "^7.0",
                "sebastian/exporter": "^7.0"
            },
            "type": "library",
            "extra": {
                "branch-alias": {
                    "dev-main": "7.0-dev"
                }
            },
            "autoload": {
                "classmap": [
                    "src/"
                ]
            },
            "license": [
                "BSD-3-Clause"
            ],
            "description": "Provides the functionality to compare PHP values for equality"
        },
        {
            "name": "sebastian/complexity",
            "version": "5.0.0",
            "source": {
                "type": "git",
                "url": "https://github.com/sebastianbergmann/complexity.git",
                "reference": "bad4316aba5303d0221f43f8cee37eb58d384bbb"
            },
            "dist": {
                "type": "zip",
                "url": "https://api.github.com/repos/sebastianbergmann/complexity/zipball/bad4316aba5303d0221f43f8cee37eb58d384bbb",
                "reference": "bad4316aba5303d0221f43f8cee37eb58d384bbb"
            },
            "require": {
                "nikic/php-parser": "^5.0",
                "php": ">=8.3"
            },
            "type": "library",
            "extra": {
                "branch-alias": {
                    "dev-main": "5.0-dev"
                }
            },
            "autoload": {
                "classmap": [
                    "src/"
                ]
            },
            "license": [
                "BSD-3-Clause"
            ],
            "description": "Library for calculating the complexity of PHP code units"
        },
        {
            "name": "sebastian/diff",
            "version": "7.0.0",
            "source": {
                "type": "git",
                "url": "https://github.com/sebastianbergmann/diff.git",
                "reference": "7ab1ea946c012266ca32390913653d844ecd085f"
            },
            "dist": {
                "type": "zip",
                "url": "https://api.github.com/repos/sebastianbergmann/diff/zipball/7ab1ea946c012266ca32390913653d844ecd085f",
                "reference": "7ab1ea946c012266ca32390913653d844ecd085f"
            },
            "require": {
                "php": ">=8.3"
            },
            "type": "library",
            "extra": {
                "branch-alias": {
                    "dev-main": "7.0-dev"
                }
            },
            "autoload": {
                "classmap": [
                    "src/"
                ]
            },
            "license": [
                "BSD-3-Clause"
            ],
            "description": "Diff implementation"
        },
        {
            "name": "sebastian/environment",
            "version": "8.0.0",
            "source": {
                "type": "git",
                "url": "https://github.com/sebastianbergmann/environment.git",
                "reference": "8afe311eca49171bf95405cc0078be9a3821f9f2"
            },
            "dist": {
                "type": "zip",
                "url": "https://api.github.com/repos/sebastianbergmann/environment/zipball/8afe311eca49171bf95405cc0078be9a3821f9f2",
                "reference": "8afe311eca49171bf95405cc0078be9a3821f9f2"
            },
            "require": {
                "php": ">=8.3"
            },
            "type": "library",
            "extra": {
                "branch-alias": {
                    "dev-main": "8.0-dev"
                }
            },
            "autoload": {
                "classmap": [
                    "src/"
                ]
            },
            "license": [
                "BSD-3-Clause"
            ],
            "description": "Provides functionality to handle HHVM/PHP environments"
        },
        {
            "name": "sebastian/exporter",
            "version": "7.0.0",
            "source": {
                "type": "git",
                "url": "https://github.com/sebastianbergmann/exporter.git",
                "reference": "76432aafc58d50691a00d86d0632f1217a47b688"
            },
            "dist": {
                "type": "zip",
                "url": "https://api.github.com/repos/sebastianbergmann/exporter/zipball/76432aafc58d50691a00d86d0632f1217a47b688",
                "reference": "76432aafc58d50691a00d86d0632f1217a47b688"
            },
            "require": {
                "ext-mbstring": "*",
                "php": ">=8.3",
                "sebastian/recursion-context": "^7.0"
            },
            "type": "library",
            "extra": {
                "branch-alias": {
                    "dev-main": "7.0-dev"
                }
            },
            "autoload": {
                "classmap": [
                    "src/"
                ]
            },
            "license": [
                "BSD-3-Clause"
            ],
            "description": "Provides the functionality to export PHP variables for visualization"
        },
        {
            "name": "sebastian/global-state",
            "version": "8.0.0",
            "source": {
                "type": "git",
                "url": "https://github.com/sebastianbergmann/global-state.git",
                "reference": "570a2aeb26d40f057af686d63c4e99b075fb6cbc"
            },
            "dist": {
                "type": "zip",
                "url": "https://api.github.com/repos/sebastianbergmann/global-state/zipball/570a2aeb26d40f057af686d63c4e99b075fb6cbc",
                "reference": "570a2aeb26d40f057af686d63c4e99b075fb6cbc"
            },
            "require": {
                "php": ">=8.3",
                "sebastian/object-reflector": "^5.0",
                "sebastian/recursion-context": "^7.0"
            },
            "type": "library",
            "extra": {
                "branch-alias": {
                    "dev-main": "8.0-dev"
                }
            },
            "autoload": {
                "classmap": [
                    "src/"
                ]
            },
            "license": [
                "BSD-3-Clause"
            ],
            "description": "Snapshotting of global state"
        },
        {
            "name": "sebastian/lines-of-code",
            "version": "4.0.0",
            "source": {
                "type": "git",
                "url": "https://github.com/sebastianbergmann/lines-of-code.git",
                "reference": "97ffee3bcfb5805568d6af7f0f893678fc076d2f"
            },
            "dist": {
                "type": "zip",
                "url": "https://api.github.com/repos/sebastianbergmann/lines-of-code/zipball/97ffee3bcfb5805568d6af7f0f893678fc076d2f",
                "reference": "97ffee3bcfb5805568d6af7f0f893678fc076d2f"
            },
            "require": {
                "nikic/php-parser": "^5.0",
                "php": ">=8.3"
            },
            "type": "library",
            "extra": {
                "branch-alias": {
                    "dev-main": "4.0-dev"
                }
            },
            "autoload": {
                "classmap": [
                    "src/"
                ]
            },
            "license": [
                "BSD-3-Clause"
            ],
            "description": "Library for counting the lines of code in PHP source code"
        },
        {
            "name": "sebastian/object-enumerator",
            "version": "7.0.0",
            "source": {
                "type": "git",
                "url": "https://github.com/sebastianbergmann/object-enumerator.git",
                "reference": "1effe8e9b8e068e9ae228e542d5d11b5d16db894"
            },
            "dist": {
                "type": "zip",
                "url": "https://api.github.com/repos/sebastianbergmann/object-enumerator/zipball/1effe8e9b8e068e9ae228e542d5d11b5d16db894",
                "reference": "1effe8e9b8e068e9ae228e542d5d11b5d16db894"
            },
            "require": {
                "php": ">=8.3",
                "sebastian/object-reflector": "^5.0",
                "sebastian/recursion-context": "^7.0"
            },
            "type": "library",
            "extra": {
                "branch-alias": {
                    "dev-main": "7.0-dev"
                }
            },
            "autoload": {
                "classmap": [
                    "src/"
                ]
            },
            "license": [
                "BSD-3-Clause"
            ],
            "description": "Traverses array structures and object graphs to enumerate all referenced objects"
        },
        {
            "name": "sebastian/object-reflector",
            "version": "5.0.0",
            "source": {
                "type": "git",
                "url": "https://github.com/sebastianbergmann/object-reflector.git",
                "reference": "4bfa827c969c98be1e527abd576533293c634f6a"
            },
            "dist": {
                "type": "zip",
                "url": "https://api.github.com/repos/sebastianbergmann/object-reflector/zipball/4bfa827c969c98be1e527abd576533293c634f6a",
                "reference": "4bfa827c969c98be1e527abd576533293c634f6a"
            },
            "require": {
                "php": ">=8.3"
            },
            "type": "library",
            "extra": {
                "branch-alias": {
                    "dev-main": "5.0-dev"
                }
            },
            "autoload": {
                "classmap": [
                    "src/"
                ]
            },
            "license": [
                "BSD-3-Clause"
            ],
            "description": "Allows reflection of object attributes, including inherited and non-public ones"
        },
        {
            "name": "sebastian/recursion-context",
            "version": "7.0.0",
            "source": {
                "type": "git",
                "url": "https://github.com/sebastianbergmann/recursion-context.git",
                "reference": "c405ae3a63e01b32eb71577f8ec1604e39858a7c"
            },
            "dist": {
                "type": "zip",
                "url": "https://api.github.com/repos/sebastianbergmann/recursion-context/zipball/c405ae3a63e01b32eb71577f8ec1604e39858a7c",
                "reference": "c405ae3a63e01b32eb71577f8ec1604e39858a7c"
            },
            "require": {
                "php": ">=8.3"
            },
            "type": "library",
            "extra": {
                "branch-alias": {
                    "dev-main": "7.0-dev"
                }
            },
            "autoload": {
                "classmap": [
                    "src/"
                ]
            },
            "license": [
                "BSD-3-Clause"
            ],
            "description": "Provides functionality to recursively process PHP variables"
        },
        {
            "name": "sebastian/type",
            "version": "6.0.2",
            "source": {
                "type": "git",
                "url": "https://github.com/sebastianbergmann/type.git",
                "reference": "1d7cd6e514384c36d7a390347f57c385d4be6069"
            },
            "dist": {
                "type": "zip",
                "url": "https://api.github.com/repos/sebastianbergmann/type/zipball/1d7cd6e514384c36d7a390347f57c385d4be6069",
                "reference": "1d7cd6e514384c36d7a390347f57c385d4be6069"
            },
            "require": {
                "php": ">=8.3"
            },
            "type": "library",
            "extra": {
                "branch-alias": {
                    "dev-main": "6.0-dev"
                }
            },
            "autoload": {
                "classmap": [
                    "src/"
                ]
            },
            "license": [
                "BSD-3-Clause"
            ],
            "description": "Collection of value objects that represent the types of the PHP type system"
        },
        {
            "name": "sebastian/version",
            "version": "6.0.0",
            "source": {
                "type": "git",
                "url": "https://github.com/sebastianbergmann/version.git",
                "reference": "3e6ccf7657d4f0a59200564b08cead899313b53c"
            },
            "dist": {
                "type": "zip",
                "url": "https://api.github.com/repos/sebastianbergmann/version/zipball/3e6ccf7657d4f0a59200564b08cead899313b53c",
                "reference": "3e6ccf7657d4f0a59200564b08cead899313b53c"
            },
            "require": {
                "php": ">=8.3"
            },
            "type": "library",
            "extra": {
                "branch-alias": {
                    "dev-main": "6.0-dev"
                }
            },
            "autoload": {
                "classmap": [
                    "src/"
                ]
            },
            "license": [
                "BSD-3-Clause"
            ],
            "description": "Library that helps with managing the version number of Git-hosted PHP projects"
        },
        {
            "name": "staabm/side-effects-detector",
            "version": "1.0.5",
            "source": {
                "type": "git",
                "url": "https://github.com/staabm/side-effects-detector.git",
                "reference": "d8334211a140ce329c13726d4a715adbddd0a163"
            },
            "dist": {
                "type": "zip",
                "url": "https://api.github.com/repos/staabm/side-effects-detector/zipball/d8334211a140ce329c13726d4a715adbddd0a163",
                "reference": "d8334211a140ce329c13726d4a715adbddd0a163"
            },
            "require": {
                "ext-tokenizer": "*",
                "php": "^7.4 || ^8.0"
            },
            "type": "library",
            "autoload": {
                "classmap": [
                    "lib/"
                ]
            },
            "license": [
                "MIT"
            ],
            "description": "A static analysis tool to detect side effects in PHP code"
        },
        {
            "name": "theseer/tokenizer",
            "version": "1.2.3",
            "source": {
                "type": "git",
                "url": "https://github.com/theseer/tokenizer.git",
                "reference": "737eda637ed5e28c3413cb1ebe8bb52cbf1ca7a2"
            },
            "dist": {
                "type": "zip",
                "url": "https://api.github.com/repos/theseer/tokenizer/zipball/737eda637ed5e28c3413cb1ebe8bb52cbf1ca7a2",
                "reference": "737eda637ed5e28c3413cb1ebe8bb52cbf1ca7a2"
            },
            "require": {
                "ext-dom": "*",
                "ext-tokenizer": "*",
                "ext-xmlwriter": "*",
                "php": "^7.2 || ^8.0"
            },
            "type": "library",
            "autoload": {
                "classmap": [
                    "src/"
                ]
            },
            "license": [
                "BSD-3-Clause"
            ],
            "description": "A small library for converting tokenized PHP source code into XML and potentially other formats"
        }
    ],
    "aliases": [],
    "minimum-stability": "stable",
    "stability-flags": {},
    "prefer-stable": false,
    "prefer-lowest": false,
    "platform": {
        "php": "^8.4"
    },
    "platform-dev": {},
    "plugin-api-version": "2.6.0"
}
